// !$*UTF8*$!
{
	archiveVersion = 1;
	classes = {
	};
	objectVersion = 46;
	objects = {

/* Begin PBXBuildFile section */
		38E74F921B972529003563D1 /* common.swift in Sources */ = {isa = PBXBuildFile; fileRef = 38E74F8D1B972529003563D1 /* common.swift */; };
		38E74F931B972529003563D1 /* functional.swift in Sources */ = {isa = PBXBuildFile; fileRef = 38E74F8E1B972529003563D1 /* functional.swift */; };
		38E74F941B972529003563D1 /* main.swift in Sources */ = {isa = PBXBuildFile; fileRef = 38E74F8F1B972529003563D1 /* main.swift */; };
		38E74F951B972529003563D1 /* oo.swift in Sources */ = {isa = PBXBuildFile; fileRef = 38E74F901B972529003563D1 /* oo.swift */; };
		38E74F961B972529003563D1 /* structured.swift in Sources */ = {isa = PBXBuildFile; fileRef = 38E74F911B972529003563D1 /* structured.swift */; };
/* End PBXBuildFile section */

/* Begin PBXCopyFilesBuildPhase section */
		38E74F811B972517003563D1 /* CopyFiles */ = {
			isa = PBXCopyFilesBuildPhase;
			buildActionMask = 2147483647;
			dstPath = /usr/share/man/man1/;
			dstSubfolderSpec = 0;
			files = (
			);
			runOnlyForDeploymentPostprocessing = 1;
		};
/* End PBXCopyFilesBuildPhase section */

/* Begin PBXFileReference section */
		38E74F831B972517003563D1 /* NoCountryForIfElse */ = {isa = PBXFileReference; explicitFileType = "compiled.mach-o.executable"; includeInIndex = 0; path = NoCountryForIfElse; sourceTree = BUILT_PRODUCTS_DIR; };
		38E74F8D1B972529003563D1 /* common.swift */ = {isa = PBXFileReference; fileEncoding = 4; lastKnownFileType = sourcecode.swift; path = common.swift; sourceTree = "<group>"; };
		38E74F8E1B972529003563D1 /* functional.swift */ = {isa = PBXFileReference; fileEncoding = 4; lastKnownFileType = sourcecode.swift; path = functional.swift; sourceTree = "<group>"; };
		38E74F8F1B972529003563D1 /* main.swift */ = {isa = PBXFileReference; fileEncoding = 4; lastKnownFileType = sourcecode.swift; path = main.swift; sourceTree = "<group>"; };
		38E74F901B972529003563D1 /* oo.swift */ = {isa = PBXFileReference; fileEncoding = 4; lastKnownFileType = sourcecode.swift; path = oo.swift; sourceTree = "<group>"; };
		38E74F911B972529003563D1 /* structured.swift */ = {isa = PBXFileReference; fileEncoding = 4; lastKnownFileType = sourcecode.swift; path = structured.swift; sourceTree = "<group>"; };
/* End PBXFileReference section */

/* Begin PBXFrameworksBuildPhase section */
		38E74F801B972517003563D1 /* Frameworks */ = {
			isa = PBXFrameworksBuildPhase;
			buildActionMask = 2147483647;
			files = (
			);
			runOnlyForDeploymentPostprocessing = 0;
		};
/* End PBXFrameworksBuildPhase section */

/* Begin PBXGroup section */
		38E74F7A1B972517003563D1 = {
			isa = PBXGroup;
			children = (
				38E74F851B972517003563D1 /* NoCountryForIfElse */,
				38E74F841B972517003563D1 /* Products */,
			);
			sourceTree = "<group>";
		};
		38E74F841B972517003563D1 /* Products */ = {
			isa = PBXGroup;
			children = (
				38E74F831B972517003563D1 /* NoCountryForIfElse */,
			);
			name = Products;
			sourceTree = "<group>";
		};
		38E74F851B972517003563D1 /* NoCountryForIfElse */ = {
			isa = PBXGroup;
			children = (
				38E74F8D1B972529003563D1 /* common.swift */,
				38E74F8E1B972529003563D1 /* functional.swift */,
				38E74F8F1B972529003563D1 /* main.swift */,
				38E74F901B972529003563D1 /* oo.swift */,
				38E74F911B972529003563D1 /* structured.swift */,
			);
			path = NoCountryForIfElse;
			sourceTree = "<group>";
		};
/* End PBXGroup section */

/* Begin PBXNativeTarget section */
		38E74F821B972517003563D1 /* NoCountryForIfElse */ = {
			isa = PBXNativeTarget;
			buildConfigurationList = 38E74F8A1B972517003563D1 /* Build configuration list for PBXNativeTarget "NoCountryForIfElse" */;
			buildPhases = (
				38E74F7F1B972517003563D1 /* Sources */,
				38E74F801B972517003563D1 /* Frameworks */,
				38E74F811B972517003563D1 /* CopyFiles */,
			);
			buildRules = (
			);
			dependencies = (
			);
			name = NoCountryForIfElse;
			productName = NoCountryForIfElse;
			productReference = 38E74F831B972517003563D1 /* NoCountryForIfElse */;
			productType = "com.apple.product-type.tool";
		};
/* End PBXNativeTarget section */

/* Begin PBXProject section */
		38E74F7B1B972517003563D1 /* Project object */ = {
			isa = PBXProject;
			attributes = {
				LastUpgradeCheck = 0640;
				ORGANIZATIONNAME = Elvi;
				TargetAttributes = {
					38E74F821B972517003563D1 = {
						CreatedOnToolsVersion = 6.4;
					};
				};
			};
			buildConfigurationList = 38E74F7E1B972517003563D1 /* Build configuration list for PBXProject "NoCountryForIfElse" */;
			compatibilityVersion = "Xcode 3.2";
			developmentRegion = English;
			hasScannedForEncodings = 0;
			knownRegions = (
				en,
			);
			mainGroup = 38E74F7A1B972517003563D1;
			productRefGroup = 38E74F841B972517003563D1 /* Products */;
			projectDirPath = "";
			projectRoot = "";
			targets = (
				38E74F821B972517003563D1 /* NoCountryForIfElse */,
			);
		};
/* End PBXProject section */

/* Begin PBXSourcesBuildPhase section */
		38E74F7F1B972517003563D1 /* Sources */ = {
			isa = PBXSourcesBuildPhase;
			buildActionMask = 2147483647;
			files = (
				38E74F931B972529003563D1 /* functional.swift in Sources */,
				38E74F951B972529003563D1 /* oo.swift in Sources */,
				38E74F921B972529003563D1 /* common.swift in Sources */,
				38E74F941B972529003563D1 /* main.swift in Sources */,
				38E74F961B972529003563D1 /* structured.swift in Sources */,
			);
			runOnlyForDeploymentPostprocessing = 0;
		};
/* End PBXSourcesBuildPhase section */

/* Begin XCBuildConfiguration section */
		38E74F881B972517003563D1 /* Debug */ = {
			isa = XCBuildConfiguration;
			buildSettings = {
				ALWAYS_SEARCH_USER_PATHS = NO;
				CLANG_CXX_LANGUAGE_STANDARD = "gnu++0x";
				CLANG_CXX_LIBRARY = "libc++";
				CLANG_ENABLE_MODULES = YES;
				CLANG_ENABLE_OBJC_ARC = YES;
				CLANG_WARN_BOOL_CONVERSION = YES;
				CLANG_WARN_CONSTANT_CONVERSION = YES;
				CLANG_WARN_DIRECT_OBJC_ISA_USAGE = YES_ERROR;
				CLANG_WARN_EMPTY_BODY = YES;
				CLANG_WARN_ENUM_CONVERSION = YES;
				CLANG_WARN_INT_CONVERSION = YES;
				CLANG_WARN_OBJC_ROOT_CLASS = YES_ERROR;
				CLANG_WARN_UNREACHABLE_CODE = YES;
				CLANG_WARN__DUPLICATE_METHOD_MATCH = YES;
				COPY_PHASE_STRIP = NO;
				DEBUG_INFORMATION_FORMAT = dwarf;
				ENABLE_STRICT_OBJC_MSGSEND = YES;
				GCC_C_LANGUAGE_STANDARD = gnu99;
				GCC_DYNAMIC_NO_PIC = NO;
				GCC_NO_COMMON_BLOCKS = YES;
				GCC_OPTIMIZATION_LEVEL = 0;
				GCC_PREPROCESSOR_DEFINITIONS = (
					"DEBUG=1",
					"$(inherited)",
				);
				GCC_SYMBOLS_PRIVATE_EXTERN = NO;
				GCC_WARN_64_TO_32_BIT_CONVERSION = YES;
				GCC_WARN_ABOUT_RETURN_TYPE = YES_ERROR;
				GCC_WARN_UNDECLARED_SELECTOR = YES;
				GCC_WARN_UNINITIALIZED_AUTOS = YES_AGGRESSIVE;
				GCC_WARN_UNUSED_FUNCTION = YES;
				GCC_WARN_UNUSED_VARIABLE = YES;
				MACOSX_DEPLOYMENT_TARGET = 10.10;
				MTL_ENABLE_DEBUG_INFO = YES;
				ONLY_ACTIVE_ARCH = YES;
				SDKROOT = macosx;
				SWIFT_OPTIMIZATION_LEVEL = "-Onone";
			};
			name = Debug;
		};
		38E74F891B972517003563D1 /* Release */ = {
			isa = XCBuildConfiguration;
			buildSettings = {
				ALWAYS_SEARCH_USER_PATHS = NO;
				CLANG_CXX_LANGUAGE_STANDARD = "gnu++0x";
				CLANG_CXX_LIBRARY = "libc++";
				CLANG_ENABLE_MODULES = YES;
				CLANG_ENABLE_OBJC_ARC = YES;
				CLANG_WARN_BOOL_CONVERSION = YES;
				CLANG_WARN_CONSTANT_CONVERSION = YES;
				CLANG_WARN_DIRECT_OBJC_ISA_USAGE = YES_ERROR;
				CLANG_WARN_EMPTY_BODY = YES;
				CLANG_WARN_ENUM_CONVERSION = YES;
				CLANG_WARN_INT_CONVERSION = YES;
				CLANG_WARN_OBJC_ROOT_CLASS = YES_ERROR;
				CLANG_WARN_UNREACHABLE_CODE = YES;
				CLANG_WARN__DUPLICATE_METHOD_MATCH = YES;
				COPY_PHASE_STRIP = NO;
				DEBUG_INFORMATION_FORMAT = "dwarf-with-dsym";
				ENABLE_NS_ASSERTIONS = NO;
				ENABLE_STRICT_OBJC_MSGSEND = YES;
				GCC_C_LANGUAGE_STANDARD = gnu99;
				GCC_NO_COMMON_BLOCKS = YES;
				GCC_WARN_64_TO_32_BIT_CONVERSION = YES;
				GCC_WARN_ABOUT_RETURN_TYPE = YES_ERROR;
				GCC_WARN_UNDECLARED_SELECTOR = YES;
				GCC_WARN_UNINITIALIZED_AUTOS = YES_AGGRESSIVE;
				GCC_WARN_UNUSED_FUNCTION = YES;
				GCC_WARN_UNUSED_VARIABLE = YES;
				MACOSX_DEPLOYMENT_TARGET = 10.10;
				MTL_ENABLE_DEBUG_INFO = NO;
				SDKROOT = macosx;
			};
			name = Release;
		};
		38E74F8B1B972517003563D1 /* Debug */ = {
			isa = XCBuildConfiguration;
			buildSettings = {
				CLANG_ENABLE_MODULES = YES;
				LD_RUNPATH_SEARCH_PATHS = "$(inherited) @executable_path/../Frameworks @loader_path/../Frameworks";
				PRODUCT_NAME = "$(TARGET_NAME)";
				SWIFT_OPTIMIZATION_LEVEL = "-Onone";
			};
			name = Debug;
		};
		38E74F8C1B972517003563D1 /* Release */ = {
			isa = XCBuildConfiguration;
			buildSettings = {
				CLANG_ENABLE_MODULES = YES;
				LD_RUNPATH_SEARCH_PATHS = "$(inherited) @executable_path/../Frameworks @loader_path/../Frameworks";
				PRODUCT_NAME = "$(TARGET_NAME)";
			};
			name = Release;
		};
/* End XCBuildConfiguration section */

/* Begin XCConfigurationList section */
		38E74F7E1B972517003563D1 /* Build configuration list for PBXProject "NoCountryForIfElse" */ = {
			isa = XCConfigurationList;
			buildConfigurations = (
				38E74F881B972517003563D1 /* Debug */,
				38E74F891B972517003563D1 /* Release */,
			);
			defaultConfigurationIsVisible = 0;
			defaultConfigurationName = Release;
		};
		38E74F8A1B972517003563D1 /* Build configuration list for PBXNativeTarget "NoCountryForIfElse" */ = {
			isa = XCConfigurationList;
			buildConfigurations = (
				38E74F8B1B972517003563D1 /* Debug */,
				38E74F8C1B972517003563D1 /* Release */,
			);
			defaultConfigurationIsVisible = 0;
			defaultConfigurationName = Release;
		};
/* End XCConfigurationList section */
	};
	rootObject = 38E74F7B1B972517003563D1 /* Project object */;
}
